// !$*UTF8*$!
{
	archiveVersion = 1;
	classes = {
	};
	objectVersion = 48;
	objects = {

/* Begin PBXBuildFile section */
		A91957C1204790DC00E92F9B /* AppDelegate.swift in Sources */ = {isa = PBXBuildFile; fileRef = A91957C0204790DC00E92F9B /* AppDelegate.swift */; };
		A91957C3204790DC00E92F9B /* ViewController.swift in Sources */ = {isa = PBXBuildFile; fileRef = A91957C2204790DC00E92F9B /* ViewController.swift */; };
		A91957C6204790DC00E92F9B /* Main.storyboard in Resources */ = {isa = PBXBuildFile; fileRef = A91957C4204790DC00E92F9B /* Main.storyboard */; };
		A91957C8204790DC00E92F9B /* Assets.xcassets in Resources */ = {isa = PBXBuildFile; fileRef = A91957C7204790DC00E92F9B /* Assets.xcassets */; };
		A91957CB204790DC00E92F9B /* LaunchScreen.storyboard in Resources */ = {isa = PBXBuildFile; fileRef = A91957C9204790DC00E92F9B /* LaunchScreen.storyboard */; };
		A91957D4204790F700E92F9B /* TQDatePickerView.swift in Sources */ = {isa = PBXBuildFile; fileRef = A91957D3204790F700E92F9B /* TQDatePickerView.swift */; };
		A91957FB204794B300E92F9B /* LICENSE in Resources */ = {isa = PBXBuildFile; fileRef = A91957D6204794B300E92F9B /* LICENSE */; };
		A91957FC204794B300E92F9B /* ConstraintMultiplierTarget.swift in Sources */ = {isa = PBXBuildFile; fileRef = A91957D8204794B300E92F9B /* ConstraintMultiplierTarget.swift */; };
		A91957FD204794B300E92F9B /* LayoutConstraintItem.swift in Sources */ = {isa = PBXBuildFile; fileRef = A91957D9204794B300E92F9B /* LayoutConstraintItem.swift */; };
		A91957FE204794B300E92F9B /* ConstraintDescription.swift in Sources */ = {isa = PBXBuildFile; fileRef = A91957DA204794B300E92F9B /* ConstraintDescription.swift */; };
		A91957FF204794B300E92F9B /* ConstraintMakerPriortizable.swift in Sources */ = {isa = PBXBuildFile; fileRef = A91957DB204794B300E92F9B /* ConstraintMakerPriortizable.swift */; };
		A9195800204794B300E92F9B /* ConstraintAttributes.swift in Sources */ = {isa = PBXBuildFile; fileRef = A91957DC204794B300E92F9B /* ConstraintAttributes.swift */; };
		A9195801204794B300E92F9B /* ConstraintViewDSL.swift in Sources */ = {isa = PBXBuildFile; fileRef = A91957DD204794B300E92F9B /* ConstraintViewDSL.swift */; };
		A9195802204794B300E92F9B /* ConstraintPriorityTarget.swift in Sources */ = {isa = PBXBuildFile; fileRef = A91957DE204794B300E92F9B /* ConstraintPriorityTarget.swift */; };
		A9195803204794B300E92F9B /* ConstraintInsets.swift in Sources */ = {isa = PBXBuildFile; fileRef = A91957DF204794B300E92F9B /* ConstraintInsets.swift */; };
		A9195804204794B300E92F9B /* ConstraintMakerFinalizable.swift in Sources */ = {isa = PBXBuildFile; fileRef = A91957E0204794B300E92F9B /* ConstraintMakerFinalizable.swift */; };
		A9195805204794B300E92F9B /* ConstraintDSL.swift in Sources */ = {isa = PBXBuildFile; fileRef = A91957E1204794B300E92F9B /* ConstraintDSL.swift */; };
		A9195806204794B300E92F9B /* ConstraintMakerExtendable.swift in Sources */ = {isa = PBXBuildFile; fileRef = A91957E2204794B300E92F9B /* ConstraintMakerExtendable.swift */; };
		A9195807204794B300E92F9B /* ConstraintPriority.swift in Sources */ = {isa = PBXBuildFile; fileRef = A91957E3204794B300E92F9B /* ConstraintPriority.swift */; };
		A9195808204794B300E92F9B /* ConstraintInsetTarget.swift in Sources */ = {isa = PBXBuildFile; fileRef = A91957E4204794B300E92F9B /* ConstraintInsetTarget.swift */; };
		A9195809204794B300E92F9B /* ConstraintConfig.swift in Sources */ = {isa = PBXBuildFile; fileRef = A91957E5204794B300E92F9B /* ConstraintConfig.swift */; };
		A919580A204794B300E92F9B /* UILayoutSupport+Extensions.swift in Sources */ = {isa = PBXBuildFile; fileRef = A91957E6204794B300E92F9B /* UILayoutSupport+Extensions.swift */; };
		A919580B204794B300E92F9B /* ConstraintView.swift in Sources */ = {isa = PBXBuildFile; fileRef = A91957E7204794B300E92F9B /* ConstraintView.swift */; };
		A919580C204794B300E92F9B /* ConstraintLayoutGuide.swift in Sources */ = {isa = PBXBuildFile; fileRef = A91957E8204794B300E92F9B /* ConstraintLayoutGuide.swift */; };
		A919580D204794B300E92F9B /* ConstraintLayoutSupport.swift in Sources */ = {isa = PBXBuildFile; fileRef = A91957E9204794B300E92F9B /* ConstraintLayoutSupport.swift */; };
		A919580E204794B300E92F9B /* Typealiases.swift in Sources */ = {isa = PBXBuildFile; fileRef = A91957EA204794B300E92F9B /* Typealiases.swift */; };
		A919580F204794B300E92F9B /* ConstraintConstantTarget.swift in Sources */ = {isa = PBXBuildFile; fileRef = A91957EB204794B300E92F9B /* ConstraintConstantTarget.swift */; };
		A9195810204794B300E92F9B /* ConstraintOffsetTarget.swift in Sources */ = {isa = PBXBuildFile; fileRef = A91957EC204794B300E92F9B /* ConstraintOffsetTarget.swift */; };
		A9195811204794B300E92F9B /* ConstraintMakerEditable.swift in Sources */ = {isa = PBXBuildFile; fileRef = A91957ED204794B300E92F9B /* ConstraintMakerEditable.swift */; };
		A9195812204794B300E92F9B /* ConstraintMaker.swift in Sources */ = {isa = PBXBuildFile; fileRef = A91957EE204794B300E92F9B /* ConstraintMaker.swift */; };
		A9195813204794B300E92F9B /* ConstraintRelation.swift in Sources */ = {isa = PBXBuildFile; fileRef = A91957EF204794B300E92F9B /* ConstraintRelation.swift */; };
		A9195814204794B300E92F9B /* ConstraintLayoutGuideDSL.swift in Sources */ = {isa = PBXBuildFile; fileRef = A91957F0204794B300E92F9B /* ConstraintLayoutGuideDSL.swift */; };
		A9195815204794B300E92F9B /* ConstraintView+Extensions.swift in Sources */ = {isa = PBXBuildFile; fileRef = A91957F1204794B300E92F9B /* ConstraintView+Extensions.swift */; };
		A9195816204794B300E92F9B /* ConstraintItem.swift in Sources */ = {isa = PBXBuildFile; fileRef = A91957F2204794B300E92F9B /* ConstraintItem.swift */; };
		A9195817204794B300E92F9B /* Constraint.swift in Sources */ = {isa = PBXBuildFile; fileRef = A91957F3204794B300E92F9B /* Constraint.swift */; };
		A9195818204794B300E92F9B /* Debugging.swift in Sources */ = {isa = PBXBuildFile; fileRef = A91957F4204794B300E92F9B /* Debugging.swift */; };
		A9195819204794B300E92F9B /* ConstraintRelatableTarget.swift in Sources */ = {isa = PBXBuildFile; fileRef = A91957F5204794B300E92F9B /* ConstraintRelatableTarget.swift */; };
		A919581A204794B300E92F9B /* LayoutConstraint.swift in Sources */ = {isa = PBXBuildFile; fileRef = A91957F6204794B300E92F9B /* LayoutConstraint.swift */; };
		A919581B204794B300E92F9B /* ConstraintLayoutGuide+Extensions.swift in Sources */ = {isa = PBXBuildFile; fileRef = A91957F7204794B300E92F9B /* ConstraintLayoutGuide+Extensions.swift */; };
		A919581C204794B300E92F9B /* ConstraintLayoutSupportDSL.swift in Sources */ = {isa = PBXBuildFile; fileRef = A91957F8204794B300E92F9B /* ConstraintLayoutSupportDSL.swift */; };
		A919581D204794B300E92F9B /* ConstraintMakerRelatable.swift in Sources */ = {isa = PBXBuildFile; fileRef = A91957F9204794B300E92F9B /* ConstraintMakerRelatable.swift */; };
		A919581E204794B300E92F9B /* README.md in Resources */ = {isa = PBXBuildFile; fileRef = A91957FA204794B300E92F9B /* README.md */; };
/* End PBXBuildFile section */

/* Begin PBXFileReference section */
		A91957BD204790DC00E92F9B /* DatePicker.app */ = {isa = PBXFileReference; explicitFileType = wrapper.application; includeInIndex = 0; path = DatePicker.app; sourceTree = BUILT_PRODUCTS_DIR; };
		A91957C0204790DC00E92F9B /* AppDelegate.swift */ = {isa = PBXFileReference; lastKnownFileType = sourcecode.swift; path = AppDelegate.swift; sourceTree = "<group>"; };
		A91957C2204790DC00E92F9B /* ViewController.swift */ = {isa = PBXFileReference; lastKnownFileType = sourcecode.swift; path = ViewController.swift; sourceTree = "<group>"; };
		A91957C5204790DC00E92F9B /* Base */ = {isa = PBXFileReference; lastKnownFileType = file.storyboard; name = Base; path = Base.lproj/Main.storyboard; sourceTree = "<group>"; };
		A91957C7204790DC00E92F9B /* Assets.xcassets */ = {isa = PBXFileReference; lastKnownFileType = folder.assetcatalog; path = Assets.xcassets; sourceTree = "<group>"; };
		A91957CA204790DC00E92F9B /* Base */ = {isa = PBXFileReference; lastKnownFileType = file.storyboard; name = Base; path = Base.lproj/LaunchScreen.storyboard; sourceTree = "<group>"; };
		A91957CC204790DC00E92F9B /* Info.plist */ = {isa = PBXFileReference; lastKnownFileType = text.plist.xml; path = Info.plist; sourceTree = "<group>"; };
		A91957D3204790F700E92F9B /* TQDatePickerView.swift */ = {isa = PBXFileReference; fileEncoding = 4; lastKnownFileType = sourcecode.swift; path = TQDatePickerView.swift; sourceTree = "<group>"; };
		A91957D6204794B300E92F9B /* LICENSE */ = {isa = PBXFileReference; fileEncoding = 4; lastKnownFileType = text; path = LICENSE; sourceTree = "<group>"; };
		A91957D8204794B300E92F9B /* ConstraintMultiplierTarget.swift */ = {isa = PBXFileReference; fileEncoding = 4; lastKnownFileType = sourcecode.swift; path = ConstraintMultiplierTarget.swift; sourceTree = "<group>"; };
		A91957D9204794B300E92F9B /* LayoutConstraintItem.swift */ = {isa = PBXFileReference; fileEncoding = 4; lastKnownFileType = sourcecode.swift; path = LayoutConstraintItem.swift; sourceTree = "<group>"; };
		A91957DA204794B300E92F9B /* ConstraintDescription.swift */ = {isa = PBXFileReference; fileEncoding = 4; lastKnownFileType = sourcecode.swift; path = ConstraintDescription.swift; sourceTree = "<group>"; };
		A91957DB204794B300E92F9B /* ConstraintMakerPriortizable.swift */ = {isa = PBXFileReference; fileEncoding = 4; lastKnownFileType = sourcecode.swift; path = ConstraintMakerPriortizable.swift; sourceTree = "<group>"; };
		A91957DC204794B300E92F9B /* ConstraintAttributes.swift */ = {isa = PBXFileReference; fileEncoding = 4; lastKnownFileType = sourcecode.swift; path = ConstraintAttributes.swift; sourceTree = "<group>"; };
		A91957DD204794B300E92F9B /* ConstraintViewDSL.swift */ = {isa = PBXFileReference; fileEncoding = 4; lastKnownFileType = sourcecode.swift; path = ConstraintViewDSL.swift; sourceTree = "<group>"; };
		A91957DE204794B300E92F9B /* ConstraintPriorityTarget.swift */ = {isa = PBXFileReference; fileEncoding = 4; lastKnownFileType = sourcecode.swift; path = ConstraintPriorityTarget.swift; sourceTree = "<group>"; };
		A91957DF204794B300E92F9B /* ConstraintInsets.swift */ = {isa = PBXFileReference; fileEncoding = 4; lastKnownFileType = sourcecode.swift; path = ConstraintInsets.swift; sourceTree = "<group>"; };
		A91957E0204794B300E92F9B /* ConstraintMakerFinalizable.swift */ = {isa = PBXFileReference; fileEncoding = 4; lastKnownFileType = sourcecode.swift; path = ConstraintMakerFinalizable.swift; sourceTree = "<group>"; };
		A91957E1204794B300E92F9B /* ConstraintDSL.swift */ = {isa = PBXFileReference; fileEncoding = 4; lastKnownFileType = sourcecode.swift; path = ConstraintDSL.swift; sourceTree = "<group>"; };
		A91957E2204794B300E92F9B /* ConstraintMakerExtendable.swift */ = {isa = PBXFileReference; fileEncoding = 4; lastKnownFileType = sourcecode.swift; path = ConstraintMakerExtendable.swift; sourceTree = "<group>"; };
		A91957E3204794B300E92F9B /* ConstraintPriority.swift */ = {isa = PBXFileReference; fileEncoding = 4; lastKnownFileType = sourcecode.swift; path = ConstraintPriority.swift; sourceTree = "<group>"; };
		A91957E4204794B300E92F9B /* ConstraintInsetTarget.swift */ = {isa = PBXFileReference; fileEncoding = 4; lastKnownFileType = sourcecode.swift; path = ConstraintInsetTarget.swift; sourceTree = "<group>"; };
		A91957E5204794B300E92F9B /* ConstraintConfig.swift */ = {isa = PBXFileReference; fileEncoding = 4; lastKnownFileType = sourcecode.swift; path = ConstraintConfig.swift; sourceTree = "<group>"; };
		A91957E6204794B300E92F9B /* UILayoutSupport+Extensions.swift */ = {isa = PBXFileReference; fileEncoding = 4; lastKnownFileType = sourcecode.swift; path = "UILayoutSupport+Extensions.swift"; sourceTree = "<group>"; };
		A91957E7204794B300E92F9B /* ConstraintView.swift */ = {isa = PBXFileReference; fileEncoding = 4; lastKnownFileType = sourcecode.swift; path = ConstraintView.swift; sourceTree = "<group>"; };
		A91957E8204794B300E92F9B /* ConstraintLayoutGuide.swift */ = {isa = PBXFileReference; fileEncoding = 4; lastKnownFileType = sourcecode.swift; path = ConstraintLayoutGuide.swift; sourceTree = "<group>"; };
		A91957E9204794B300E92F9B /* ConstraintLayoutSupport.swift */ = {isa = PBXFileReference; fileEncoding = 4; lastKnownFileType = sourcecode.swift; path = ConstraintLayoutSupport.swift; sourceTree = "<group>"; };
		A91957EA204794B300E92F9B /* Typealiases.swift */ = {isa = PBXFileReference; fileEncoding = 4; lastKnownFileType = sourcecode.swift; path = Typealiases.swift; sourceTree = "<group>"; };
		A91957EB204794B300E92F9B /* ConstraintConstantTarget.swift */ = {isa = PBXFileReference; fileEncoding = 4; lastKnownFileType = sourcecode.swift; path = ConstraintConstantTarget.swift; sourceTree = "<group>"; };
		A91957EC204794B300E92F9B /* ConstraintOffsetTarget.swift */ = {isa = PBXFileReference; fileEncoding = 4; lastKnownFileType = sourcecode.swift; path = ConstraintOffsetTarget.swift; sourceTree = "<group>"; };
		A91957ED204794B300E92F9B /* ConstraintMakerEditable.swift */ = {isa = PBXFileReference; fileEncoding = 4; lastKnownFileType = sourcecode.swift; path = ConstraintMakerEditable.swift; sourceTree = "<group>"; };
		A91957EE204794B300E92F9B /* ConstraintMaker.swift */ = {isa = PBXFileReference; fileEncoding = 4; lastKnownFileType = sourcecode.swift; path = ConstraintMaker.swift; sourceTree = "<group>"; };
		A91957EF204794B300E92F9B /* ConstraintRelation.swift */ = {isa = PBXFileReference; fileEncoding = 4; lastKnownFileType = sourcecode.swift; path = ConstraintRelation.swift; sourceTree = "<group>"; };
		A91957F0204794B300E92F9B /* ConstraintLayoutGuideDSL.swift */ = {isa = PBXFileReference; fileEncoding = 4; lastKnownFileType = sourcecode.swift; path = ConstraintLayoutGuideDSL.swift; sourceTree = "<group>"; };
		A91957F1204794B300E92F9B /* ConstraintView+Extensions.swift */ = {isa = PBXFileReference; fileEncoding = 4; lastKnownFileType = sourcecode.swift; path = "ConstraintView+Extensions.swift"; sourceTree = "<group>"; };
		A91957F2204794B300E92F9B /* ConstraintItem.swift */ = {isa = PBXFileReference; fileEncoding = 4; lastKnownFileType = sourcecode.swift; path = ConstraintItem.swift; sourceTree = "<group>"; };
		A91957F3204794B300E92F9B /* Constraint.swift */ = {isa = PBXFileReference; fileEncoding = 4; lastKnownFileType = sourcecode.swift; path = Constraint.swift; sourceTree = "<group>"; };
		A91957F4204794B300E92F9B /* Debugging.swift */ = {isa = PBXFileReference; fileEncoding = 4; lastKnownFileType = sourcecode.swift; path = Debugging.swift; sourceTree = "<group>"; };
		A91957F5204794B300E92F9B /* ConstraintRelatableTarget.swift */ = {isa = PBXFileReference; fileEncoding = 4; lastKnownFileType = sourcecode.swift; path = ConstraintRelatableTarget.swift; sourceTree = "<group>"; };
		A91957F6204794B300E92F9B /* LayoutConstraint.swift */ = {isa = PBXFileReference; fileEncoding = 4; lastKnownFileType = sourcecode.swift; path = LayoutConstraint.swift; sourceTree = "<group>"; };
		A91957F7204794B300E92F9B /* ConstraintLayoutGuide+Extensions.swift */ = {isa = PBXFileReference; fileEncoding = 4; lastKnownFileType = sourcecode.swift; path = "ConstraintLayoutGuide+Extensions.swift"; sourceTree = "<group>"; };
		A91957F8204794B300E92F9B /* ConstraintLayoutSupportDSL.swift */ = {isa = PBXFileReference; fileEncoding = 4; lastKnownFileType = sourcecode.swift; path = ConstraintLayoutSupportDSL.swift; sourceTree = "<group>"; };
		A91957F9204794B300E92F9B /* ConstraintMakerRelatable.swift */ = {isa = PBXFileReference; fileEncoding = 4; lastKnownFileType = sourcecode.swift; path = ConstraintMakerRelatable.swift; sourceTree = "<group>"; };
		A91957FA204794B300E92F9B /* README.md */ = {isa = PBXFileReference; fileEncoding = 4; lastKnownFileType = net.daringfireball.markdown; path = README.md; sourceTree = "<group>"; };
/* End PBXFileReference section */

/* Begin PBXFrameworksBuildPhase section */
		A91957BA204790DC00E92F9B /* Frameworks */ = {
			isa = PBXFrameworksBuildPhase;
			buildActionMask = 2147483647;
			files = (
			);
			runOnlyForDeploymentPostprocessing = 0;
		};
/* End PBXFrameworksBuildPhase section */

/* Begin PBXGroup section */
		A91957B4204790DC00E92F9B = {
			isa = PBXGroup;
			children = (
				A91957BF204790DC00E92F9B /* DatePicker */,
				A91957BE204790DC00E92F9B /* Products */,
			);
			sourceTree = "<group>";
		};
		A91957BE204790DC00E92F9B /* Products */ = {
			isa = PBXGroup;
			children = (
				A91957BD204790DC00E92F9B /* DatePicker.app */,
			);
			name = Products;
			sourceTree = "<group>";
		};
		A91957BF204790DC00E92F9B /* DatePicker */ = {
			isa = PBXGroup;
			children = (
				A91957D2204790F700E92F9B /* TQDatePicker */,
				A91957C0204790DC00E92F9B /* AppDelegate.swift */,
				A91957C2204790DC00E92F9B /* ViewController.swift */,
				A91957C4204790DC00E92F9B /* Main.storyboard */,
				A91957C7204790DC00E92F9B /* Assets.xcassets */,
				A91957C9204790DC00E92F9B /* LaunchScreen.storyboard */,
				A91957CC204790DC00E92F9B /* Info.plist */,
			);
			path = DatePicker;
			sourceTree = "<group>";
		};
		A91957D2204790F700E92F9B /* TQDatePicker */ = {
			isa = PBXGroup;
			children = (
				A91957D5204794B300E92F9B /* SnapKit */,
				A91957D3204790F700E92F9B /* TQDatePickerView.swift */,
			);
			path = TQDatePicker;
			sourceTree = "<group>";
		};
		A91957D5204794B300E92F9B /* SnapKit */ = {
			isa = PBXGroup;
			children = (
				A91957D6204794B300E92F9B /* LICENSE */,
				A91957D7204794B300E92F9B /* Source */,
				A91957FA204794B300E92F9B /* README.md */,
			);
			path = SnapKit;
			sourceTree = "<group>";
		};
		A91957D7204794B300E92F9B /* Source */ = {
			isa = PBXGroup;
			children = (
				A91957D8204794B300E92F9B /* ConstraintMultiplierTarget.swift */,
				A91957D9204794B300E92F9B /* LayoutConstraintItem.swift */,
				A91957DA204794B300E92F9B /* ConstraintDescription.swift */,
				A91957DB204794B300E92F9B /* ConstraintMakerPriortizable.swift */,
				A91957DC204794B300E92F9B /* ConstraintAttributes.swift */,
				A91957DD204794B300E92F9B /* ConstraintViewDSL.swift */,
				A91957DE204794B300E92F9B /* ConstraintPriorityTarget.swift */,
				A91957DF204794B300E92F9B /* ConstraintInsets.swift */,
				A91957E0204794B300E92F9B /* ConstraintMakerFinalizable.swift */,
				A91957E1204794B300E92F9B /* ConstraintDSL.swift */,
				A91957E2204794B300E92F9B /* ConstraintMakerExtendable.swift */,
				A91957E3204794B300E92F9B /* ConstraintPriority.swift */,
				A91957E4204794B300E92F9B /* ConstraintInsetTarget.swift */,
				A91957E5204794B300E92F9B /* ConstraintConfig.swift */,
				A91957E6204794B300E92F9B /* UILayoutSupport+Extensions.swift */,
				A91957E7204794B300E92F9B /* ConstraintView.swift */,
				A91957E8204794B300E92F9B /* ConstraintLayoutGuide.swift */,
				A91957E9204794B300E92F9B /* ConstraintLayoutSupport.swift */,
				A91957EA204794B300E92F9B /* Typealiases.swift */,
				A91957EB204794B300E92F9B /* ConstraintConstantTarget.swift */,
				A91957EC204794B300E92F9B /* ConstraintOffsetTarget.swift */,
				A91957ED204794B300E92F9B /* ConstraintMakerEditable.swift */,
				A91957EE204794B300E92F9B /* ConstraintMaker.swift */,
				A91957EF204794B300E92F9B /* ConstraintRelation.swift */,
				A91957F0204794B300E92F9B /* ConstraintLayoutGuideDSL.swift */,
				A91957F1204794B300E92F9B /* ConstraintView+Extensions.swift */,
				A91957F2204794B300E92F9B /* ConstraintItem.swift */,
				A91957F3204794B300E92F9B /* Constraint.swift */,
				A91957F4204794B300E92F9B /* Debugging.swift */,
				A91957F5204794B300E92F9B /* ConstraintRelatableTarget.swift */,
				A91957F6204794B300E92F9B /* LayoutConstraint.swift */,
				A91957F7204794B300E92F9B /* ConstraintLayoutGuide+Extensions.swift */,
				A91957F8204794B300E92F9B /* ConstraintLayoutSupportDSL.swift */,
				A91957F9204794B300E92F9B /* ConstraintMakerRelatable.swift */,
			);
			path = Source;
			sourceTree = "<group>";
		};
/* End PBXGroup section */

/* Begin PBXNativeTarget section */
		A91957BC204790DC00E92F9B /* DatePicker */ = {
			isa = PBXNativeTarget;
			buildConfigurationList = A91957CF204790DC00E92F9B /* Build configuration list for PBXNativeTarget "DatePicker" */;
			buildPhases = (
				A91957B9204790DC00E92F9B /* Sources */,
				A91957BA204790DC00E92F9B /* Frameworks */,
				A91957BB204790DC00E92F9B /* Resources */,
			);
			buildRules = (
			);
			dependencies = (
			);
			name = DatePicker;
			productName = DatePicker;
			productReference = A91957BD204790DC00E92F9B /* DatePicker.app */;
			productType = "com.apple.product-type.application";
		};
/* End PBXNativeTarget section */

/* Begin PBXProject section */
		A91957B5204790DC00E92F9B /* Project object */ = {
			isa = PBXProject;
			attributes = {
				LastSwiftUpdateCheck = 0920;
				LastUpgradeCheck = 0920;
				ORGANIZATIONNAME = "胡志辉";
				TargetAttributes = {
					A91957BC204790DC00E92F9B = {
						CreatedOnToolsVersion = 9.2;
						ProvisioningStyle = Automatic;
					};
				};
			};
			buildConfigurationList = A91957B8204790DC00E92F9B /* Build configuration list for PBXProject "DatePicker" */;
			compatibilityVersion = "Xcode 8.0";
			developmentRegion = en;
			hasScannedForEncodings = 0;
			knownRegions = (
				en,
				Base,
			);
			mainGroup = A91957B4204790DC00E92F9B;
			productRefGroup = A91957BE204790DC00E92F9B /* Products */;
			projectDirPath = "";
			projectRoot = "";
			targets = (
				A91957BC204790DC00E92F9B /* DatePicker */,
			);
		};
/* End PBXProject section */

/* Begin PBXResourcesBuildPhase section */
		A91957BB204790DC00E92F9B /* Resources */ = {
			isa = PBXResourcesBuildPhase;
			buildActionMask = 2147483647;
			files = (
				A91957CB204790DC00E92F9B /* LaunchScreen.storyboard in Resources */,
				A91957C8204790DC00E92F9B /* Assets.xcassets in Resources */,
				A919581E204794B300E92F9B /* README.md in Resources */,
				A91957FB204794B300E92F9B /* LICENSE in Resources */,
				A91957C6204790DC00E92F9B /* Main.storyboard in Resources */,
			);
			runOnlyForDeploymentPostprocessing = 0;
		};
/* End PBXResourcesBuildPhase section */

/* Begin PBXSourcesBuildPhase section */
		A91957B9204790DC00E92F9B /* Sources */ = {
			isa = PBXSourcesBuildPhase;
			buildActionMask = 2147483647;
			files = (
				A919580A204794B300E92F9B /* UILayoutSupport+Extensions.swift in Sources */,
				A9195813204794B300E92F9B /* ConstraintRelation.swift in Sources */,
				A91957FF204794B300E92F9B /* ConstraintMakerPriortizable.swift in Sources */,
				A9195800204794B300E92F9B /* ConstraintAttributes.swift in Sources */,
				A91957FC204794B300E92F9B /* ConstraintMultiplierTarget.swift in Sources */,
				A9195809204794B300E92F9B /* ConstraintConfig.swift in Sources */,
				A9195806204794B300E92F9B /* ConstraintMakerExtendable.swift in Sources */,
				A9195819204794B300E92F9B /* ConstraintRelatableTarget.swift in Sources */,
				A919581C204794B300E92F9B /* ConstraintLayoutSupportDSL.swift in Sources */,
				A9195817204794B300E92F9B /* Constraint.swift in Sources */,
				A9195811204794B300E92F9B /* ConstraintMakerEditable.swift in Sources */,
				A91957C3204790DC00E92F9B /* ViewController.swift in Sources */,
				A919581B204794B300E92F9B /* ConstraintLayoutGuide+Extensions.swift in Sources */,
				A9195808204794B300E92F9B /* ConstraintInsetTarget.swift in Sources */,
				A9195815204794B300E92F9B /* ConstraintView+Extensions.swift in Sources */,
				A91957FD204794B300E92F9B /* LayoutConstraintItem.swift in Sources */,
				A919581A204794B300E92F9B /* LayoutConstraint.swift in Sources */,
				A9195803204794B300E92F9B /* ConstraintInsets.swift in Sources */,
				A9195810204794B300E92F9B /* ConstraintOffsetTarget.swift in Sources */,
				A91957D4204790F700E92F9B /* TQDatePickerView.swift in Sources */,
				A91957C1204790DC00E92F9B /* AppDelegate.swift in Sources */,
				A919581D204794B300E92F9B /* ConstraintMakerRelatable.swift in Sources */,
				A9195802204794B300E92F9B /* ConstraintPriorityTarget.swift in Sources */,
				A919580D204794B300E92F9B /* ConstraintLayoutSupport.swift in Sources */,
				A919580B204794B300E92F9B /* ConstraintView.swift in Sources */,
				A9195805204794B300E92F9B /* ConstraintDSL.swift in Sources */,
				A919580F204794B300E92F9B /* ConstraintConstantTarget.swift in Sources */,
				A9195818204794B300E92F9B /* Debugging.swift in Sources */,
				A9195807204794B300E92F9B /* ConstraintPriority.swift in Sources */,
				A91957FE204794B300E92F9B /* ConstraintDescription.swift in Sources */,
				A919580E204794B300E92F9B /* Typealiases.swift in Sources */,
				A9195804204794B300E92F9B /* ConstraintMakerFinalizable.swift in Sources */,
				A9195812204794B300E92F9B /* ConstraintMaker.swift in Sources */,
				A9195814204794B300E92F9B /* ConstraintLayoutGuideDSL.swift in Sources */,
				A9195801204794B300E92F9B /* ConstraintViewDSL.swift in Sources */,
				A919580C204794B300E92F9B /* ConstraintLayoutGuide.swift in Sources */,
				A9195816204794B300E92F9B /* ConstraintItem.swift in Sources */,
			);
			runOnlyForDeploymentPostprocessing = 0;
		};
/* End PBXSourcesBuildPhase section */

/* Begin PBXVariantGroup section */
		A91957C4204790DC00E92F9B /* Main.storyboard */ = {
			isa = PBXVariantGroup;
			children = (
				A91957C5204790DC00E92F9B /* Base */,
			);
			name = Main.storyboard;
			sourceTree = "<group>";
		};
		A91957C9204790DC00E92F9B /* LaunchScreen.storyboard */ = {
			isa = PBXVariantGroup;
			children = (
				A91957CA204790DC00E92F9B /* Base */,
			);
			name = LaunchScreen.storyboard;
			sourceTree = "<group>";
		};
/* End PBXVariantGroup section */

/* Begin XCBuildConfiguration section */
		A91957CD204790DC00E92F9B /* Debug */ = {
			isa = XCBuildConfiguration;
			buildSettings = {
				ALWAYS_SEARCH_USER_PATHS = NO;
				CLANG_ANALYZER_NONNULL = YES;
				CLANG_ANALYZER_NUMBER_OBJECT_CONVERSION = YES_AGGRESSIVE;
				CLANG_CXX_LANGUAGE_STANDARD = "gnu++14";
				CLANG_CXX_LIBRARY = "libc++";
				CLANG_ENABLE_MODULES = YES;
				CLANG_ENABLE_OBJC_ARC = YES;
				CLANG_WARN_BLOCK_CAPTURE_AUTORELEASING = YES;
				CLANG_WARN_BOOL_CONVERSION = YES;
				CLANG_WARN_COMMA = YES;
				CLANG_WARN_CONSTANT_CONVERSION = YES;
				CLANG_WARN_DIRECT_OBJC_ISA_USAGE = YES_ERROR;
				CLANG_WARN_DOCUMENTATION_COMMENTS = YES;
				CLANG_WARN_EMPTY_BODY = YES;
				CLANG_WARN_ENUM_CONVERSION = YES;
				CLANG_WARN_INFINITE_RECURSION = YES;
				CLANG_WARN_INT_CONVERSION = YES;
				CLANG_WARN_NON_LITERAL_NULL_CONVERSION = YES;
				CLANG_WARN_OBJC_LITERAL_CONVERSION = YES;
				CLANG_WARN_OBJC_ROOT_CLASS = YES_ERROR;
				CLANG_WARN_RANGE_LOOP_ANALYSIS = YES;
				CLANG_WARN_STRICT_PROTOTYPES = YES;
				CLANG_WARN_SUSPICIOUS_MOVE = YES;
				CLANG_WARN_UNGUARDED_AVAILABILITY = YES_AGGRESSIVE;
				CLANG_WARN_UNREACHABLE_CODE = YES;
				CLANG_WARN__DUPLICATE_METHOD_MATCH = YES;
				CODE_SIGN_IDENTITY = "iPhone Developer";
				COPY_PHASE_STRIP = NO;
				DEBUG_INFORMATION_FORMAT = dwarf;
				ENABLE_STRICT_OBJC_MSGSEND = YES;
				ENABLE_TESTABILITY = YES;
				GCC_C_LANGUAGE_STANDARD = gnu11;
				GCC_DYNAMIC_NO_PIC = NO;
				GCC_NO_COMMON_BLOCKS = YES;
				GCC_OPTIMIZATION_LEVEL = 0;
				GCC_PREPROCESSOR_DEFINITIONS = (
					"DEBUG=1",
					"$(inherited)",
				);
				GCC_WARN_64_TO_32_BIT_CONVERSION = YES;
				GCC_WARN_ABOUT_RETURN_TYPE = YES_ERROR;
				GCC_WARN_UNDECLARED_SELECTOR = YES;
				GCC_WARN_UNINITIALIZED_AUTOS = YES_AGGRESSIVE;
				GCC_WARN_UNUSED_FUNCTION = YES;
				GCC_WARN_UNUSED_VARIABLE = YES;
				IPHONEOS_DEPLOYMENT_TARGET = 11.2;
				MTL_ENABLE_DEBUG_INFO = YES;
				ONLY_ACTIVE_ARCH = YES;
				SDKROOT = iphoneos;
				SWIFT_ACTIVE_COMPILATION_CONDITIONS = DEBUG;
				SWIFT_OPTIMIZATION_LEVEL = "-Onone";
			};
			name = Debug;
		};
		A91957CE204790DC00E92F9B /* Release */ = {
			isa = XCBuildConfiguration;
			buildSettings = {
				ALWAYS_SEARCH_USER_PATHS = NO;
				CLANG_ANALYZER_NONNULL = YES;
				CLANG_ANALYZER_NUMBER_OBJECT_CONVERSION = YES_AGGRESSIVE;
				CLANG_CXX_LANGUAGE_STANDARD = "gnu++14";
				CLANG_CXX_LIBRARY = "libc++";
				CLANG_ENABLE_MODULES = YES;
				CLANG_ENABLE_OBJC_ARC = YES;
				CLANG_WARN_BLOCK_CAPTURE_AUTORELEASING = YES;
				CLANG_WARN_BOOL_CONVERSION = YES;
				CLANG_WARN_COMMA = YES;
				CLANG_WARN_CONSTANT_CONVERSION = YES;
				CLANG_WARN_DIRECT_OBJC_ISA_USAGE = YES_ERROR;
				CLANG_WARN_DOCUMENTATION_COMMENTS = YES;
				CLANG_WARN_EMPTY_BODY = YES;
				CLANG_WARN_ENUM_CONVERSION = YES;
				CLANG_WARN_INFINITE_RECURSION = YES;
				CLANG_WARN_INT_CONVERSION = YES;
				CLANG_WARN_NON_LITERAL_NULL_CONVERSION = YES;
				CLANG_WARN_OBJC_LITERAL_CONVERSION = YES;
				CLANG_WARN_OBJC_ROOT_CLASS = YES_ERROR;
				CLANG_WARN_RANGE_LOOP_ANALYSIS = YES;
				CLANG_WARN_STRICT_PROTOTYPES = YES;
				CLANG_WARN_SUSPICIOUS_MOVE = YES;
				CLANG_WARN_UNGUARDED_AVAILABILITY = YES_AGGRESSIVE;
				CLANG_WARN_UNREACHABLE_CODE = YES;
				CLANG_WARN__DUPLICATE_METHOD_MATCH = YES;
				CODE_SIGN_IDENTITY = "iPhone Developer";
				COPY_PHASE_STRIP = NO;
				DEBUG_INFORMATION_FORMAT = "dwarf-with-dsym";
				ENABLE_NS_ASSERTIONS = NO;
				ENABLE_STRICT_OBJC_MSGSEND = YES;
				GCC_C_LANGUAGE_STANDARD = gnu11;
				GCC_NO_COMMON_BLOCKS = YES;
				GCC_WARN_64_TO_32_BIT_CONVERSION = YES;
				GCC_WARN_ABOUT_RETURN_TYPE = YES_ERROR;
				GCC_WARN_UNDECLARED_SELECTOR = YES;
				GCC_WARN_UNINITIALIZED_AUTOS = YES_AGGRESSIVE;
				GCC_WARN_UNUSED_FUNCTION = YES;
				GCC_WARN_UNUSED_VARIABLE = YES;
				IPHONEOS_DEPLOYMENT_TARGET = 11.2;
				MTL_ENABLE_DEBUG_INFO = NO;
				SDKROOT = iphoneos;
				SWIFT_OPTIMIZATION_LEVEL = "-Owholemodule";
				VALIDATE_PRODUCT = YES;
			};
			name = Release;
		};
		A91957D0204790DC00E92F9B /* Debug */ = {
			isa = XCBuildConfiguration;
			buildSettings = {
				ASSETCATALOG_COMPILER_APPICON_NAME = AppIcon;
				CODE_SIGN_STYLE = Automatic;
				DEVELOPMENT_TEAM = 72GL8EDUNH;
				INFOPLIST_FILE = DatePicker/Info.plist;
				LD_RUNPATH_SEARCH_PATHS = "$(inherited) @executable_path/Frameworks";
				PRODUCT_BUNDLE_IDENTIFIER = "---.DatePicker";
				PRODUCT_NAME = "$(TARGET_NAME)";
				SWIFT_VERSION = 4.0;
				TARGETED_DEVICE_FAMILY = "1,2";
			};
			name = Debug;
		};
		A91957D1204790DC00E92F9B /* Release */ = {
			isa = XCBuildConfiguration;
			buildSettings = {
				ASSETCATALOG_COMPILER_APPICON_NAME = AppIcon;
				CODE_SIGN_STYLE = Automatic;
				DEVELOPMENT_TEAM = 72GL8EDUNH;
				INFOPLIST_FILE = DatePicker/Info.plist;
				LD_RUNPATH_SEARCH_PATHS = "$(inherited) @executable_path/Frameworks";
				PRODUCT_BUNDLE_IDENTIFIER = "---.DatePicker";
				PRODUCT_NAME = "$(TARGET_NAME)";
				SWIFT_VERSION = 4.0;
				TARGETED_DEVICE_FAMILY = "1,2";
			};
			name = Release;
		};
/* End XCBuildConfiguration section */

/* Begin XCConfigurationList section */
		A91957B8204790DC00E92F9B /* Build configuration list for PBXProject "DatePicker" */ = {
			isa = XCConfigurationList;
			buildConfigurations = (
				A91957CD204790DC00E92F9B /* Debug */,
				A91957CE204790DC00E92F9B /* Release */,
			);
			defaultConfigurationIsVisible = 0;
			defaultConfigurationName = Release;
		};
		A91957CF204790DC00E92F9B /* Build configuration list for PBXNativeTarget "DatePicker" */ = {
			isa = XCConfigurationList;
			buildConfigurations = (
				A91957D0204790DC00E92F9B /* Debug */,
				A91957D1204790DC00E92F9B /* Release */,
			);
			defaultConfigurationIsVisible = 0;
			defaultConfigurationName = Release;
		};
/* End XCConfigurationList section */
	};
	rootObject = A91957B5204790DC00E92F9B /* Project object */;
}
